
Microsoft Visual Studio Solution File, Format Version 12.00
# Visual Studio Version 17
VisualStudioVersion = 17.3.32929.385
MinimumVisualStudioVersion = 10.0.40219.1
Project("{FAE04EC0-301F-11D3-BF4B-00C04F79EFBC}") = "scoreManager", "scoreManager\scoreManager.csproj", "{93505009-2F0A-456A-A3BC-372DF36625EC}"
EndProject
Global
	GlobalSection(SolutionConfigurationPlatforms) = preSolution
		Debug|Any CPU = Debug|Any CPU
		Release|Any CPU = Release|Any CPU
	EndGlobalSection
	GlobalSection(ProjectConfigurationPlatforms) = postSolution
		{93505009-2F0A-456A-A3BC-372DF36625EC}.Debug|Any CPU.ActiveCfg = Debug|Any CPU
		{93505009-2F0A-456A-A3BC-372DF36625EC}.Debug|Any CPU.Build.0 = Debug|Any CPU
		{93505009-2F0A-456A-A3BC-372DF36625EC}.Release|Any CPU.ActiveCfg = Release|Any CPU
		{93505009-2F0A-456A-A3BC-372DF36625EC}.Release|Any CPU.Build.0 = Release|Any CPU
	EndGlobalSection
	GlobalSection(SolutionProperties) = preSolution
		HideSolutionNode = FALSE
	EndGlobalSection
	GlobalSection(ExtensibilityGlobals) = postSolution
		SolutionGuid = {8E1142AC-682F-4472-9C18-C5F8F998B85B}
	EndGlobalSection
EndGlobal
